// !$*UTF8*$!
{
	archiveVersion = 1;
	classes = {
	};
	objectVersion = 48;
	objects = {

/* Begin PBXBuildFile section */
		8110CFA22031A3A7006779D4 /* AuthService.swift in Sources */ = {isa = PBXBuildFile; fileRef = 8110CFA12031A3A7006779D4 /* AuthService.swift */; };
		811D20E2202786C500590BBC /* AppDelegate.swift in Sources */ = {isa = PBXBuildFile; fileRef = 811D20E1202786C500590BBC /* AppDelegate.swift */; };
		811D20E6202786C500590BBC /* Assets.xcassets in Resources */ = {isa = PBXBuildFile; fileRef = 811D20E5202786C500590BBC /* Assets.xcassets */; };
		811D20E9202786C500590BBC /* Main.storyboard in Resources */ = {isa = PBXBuildFile; fileRef = 811D20E7202786C500590BBC /* Main.storyboard */; };
		811D20F520278A7400590BBC /* ToolbarVC.swift in Sources */ = {isa = PBXBuildFile; fileRef = 811D20F420278A7400590BBC /* ToolbarVC.swift */; };
		811D20F72027942C00590BBC /* ChannelVC.swift in Sources */ = {isa = PBXBuildFile; fileRef = 811D20F62027942C00590BBC /* ChannelVC.swift */; };
		811D20F92027944C00590BBC /* ChatVC.swift in Sources */ = {isa = PBXBuildFile; fileRef = 811D20F82027944C00590BBC /* ChatVC.swift */; };
		811D20FB202797AE00590BBC /* MainWindowController.swift in Sources */ = {isa = PBXBuildFile; fileRef = 811D20FA202797AE00590BBC /* MainWindowController.swift */; };
		811D20FE2027985D00590BBC /* Constants.swift in Sources */ = {isa = PBXBuildFile; fileRef = 811D20FD2027985D00590BBC /* Constants.swift */; };
		811D2100202A1A9300590BBC /* NSButton.swift in Sources */ = {isa = PBXBuildFile; fileRef = 811D20FF202A1A9300590BBC /* NSButton.swift */; };
		811D2102202A2D4500590BBC /* ClickBlockingView.swift in Sources */ = {isa = PBXBuildFile; fileRef = 811D2101202A2D4500590BBC /* ClickBlockingView.swift */; };
		811D2105202A4F6B00590BBC /* ModalLogin.xib in Resources */ = {isa = PBXBuildFile; fileRef = 811D2104202A4F6B00590BBC /* ModalLogin.xib */; };
		811D2107202A4FBE00590BBC /* ModalLogin.swift in Sources */ = {isa = PBXBuildFile; fileRef = 811D2106202A4FBE00590BBC /* ModalLogin.swift */; };
		81394305202B935700CB86C8 /* ModalCreateAccount.xib in Resources */ = {isa = PBXBuildFile; fileRef = 81394304202B935700CB86C8 /* ModalCreateAccount.xib */; };
		81394307202B936A00CB86C8 /* ModalCreateAccount.swift in Sources */ = {isa = PBXBuildFile; fileRef = 81394306202B936A00CB86C8 /* ModalCreateAccount.swift */; };
		FFE6F35BC99BC6DBD08E86FB /* Pods_Chatline.framework in Frameworks */ = {isa = PBXBuildFile; fileRef = 3918B73744B046E5431C2817 /* Pods_Chatline.framework */; };
/* End PBXBuildFile section */

/* Begin PBXFileReference section */
		3918B73744B046E5431C2817 /* Pods_Chatline.framework */ = {isa = PBXFileReference; explicitFileType = wrapper.framework; includeInIndex = 0; path = Pods_Chatline.framework; sourceTree = BUILT_PRODUCTS_DIR; };
		8110CFA12031A3A7006779D4 /* AuthService.swift */ = {isa = PBXFileReference; lastKnownFileType = sourcecode.swift; path = AuthService.swift; sourceTree = "<group>"; };
		811D20DE202786C500590BBC /* Chatline.app */ = {isa = PBXFileReference; explicitFileType = wrapper.application; includeInIndex = 0; path = Chatline.app; sourceTree = BUILT_PRODUCTS_DIR; };
		811D20E1202786C500590BBC /* AppDelegate.swift */ = {isa = PBXFileReference; lastKnownFileType = sourcecode.swift; path = AppDelegate.swift; sourceTree = "<group>"; };
		811D20E5202786C500590BBC /* Assets.xcassets */ = {isa = PBXFileReference; lastKnownFileType = folder.assetcatalog; path = Assets.xcassets; sourceTree = "<group>"; };
		811D20E8202786C500590BBC /* Base */ = {isa = PBXFileReference; lastKnownFileType = file.storyboard; name = Base; path = Base.lproj/Main.storyboard; sourceTree = "<group>"; };
		811D20EA202786C500590BBC /* Info.plist */ = {isa = PBXFileReference; lastKnownFileType = text.plist.xml; path = Info.plist; sourceTree = "<group>"; };
		811D20EB202786C500590BBC /* Chatline.entitlements */ = {isa = PBXFileReference; lastKnownFileType = text.plist.entitlements; path = Chatline.entitlements; sourceTree = "<group>"; };
		811D20F420278A7400590BBC /* ToolbarVC.swift */ = {isa = PBXFileReference; lastKnownFileType = sourcecode.swift; path = ToolbarVC.swift; sourceTree = "<group>"; };
		811D20F62027942C00590BBC /* ChannelVC.swift */ = {isa = PBXFileReference; lastKnownFileType = sourcecode.swift; path = ChannelVC.swift; sourceTree = "<group>"; };
		811D20F82027944C00590BBC /* ChatVC.swift */ = {isa = PBXFileReference; lastKnownFileType = sourcecode.swift; path = ChatVC.swift; sourceTree = "<group>"; };
		811D20FA202797AE00590BBC /* MainWindowController.swift */ = {isa = PBXFileReference; lastKnownFileType = sourcecode.swift; path = MainWindowController.swift; sourceTree = "<group>"; };
		811D20FD2027985D00590BBC /* Constants.swift */ = {isa = PBXFileReference; lastKnownFileType = sourcecode.swift; path = Constants.swift; sourceTree = "<group>"; };
		811D20FF202A1A9300590BBC /* NSButton.swift */ = {isa = PBXFileReference; fileEncoding = 4; lastKnownFileType = sourcecode.swift; path = NSButton.swift; sourceTree = "<group>"; };
		811D2101202A2D4500590BBC /* ClickBlockingView.swift */ = {isa = PBXFileReference; lastKnownFileType = sourcecode.swift; path = ClickBlockingView.swift; sourceTree = "<group>"; };
		811D2104202A4F6B00590BBC /* ModalLogin.xib */ = {isa = PBXFileReference; lastKnownFileType = file.xib; path = ModalLogin.xib; sourceTree = "<group>"; };
		811D2106202A4FBE00590BBC /* ModalLogin.swift */ = {isa = PBXFileReference; lastKnownFileType = sourcecode.swift; path = ModalLogin.swift; sourceTree = "<group>"; };
		81394304202B935700CB86C8 /* ModalCreateAccount.xib */ = {isa = PBXFileReference; lastKnownFileType = file.xib; path = ModalCreateAccount.xib; sourceTree = "<group>"; };
		81394306202B936A00CB86C8 /* ModalCreateAccount.swift */ = {isa = PBXFileReference; lastKnownFileType = sourcecode.swift; path = ModalCreateAccount.swift; sourceTree = "<group>"; };
		CBEF5DB9AE792E3CDE3A505E /* Pods-Chatline.debug.xcconfig */ = {isa = PBXFileReference; includeInIndex = 1; lastKnownFileType = text.xcconfig; name = "Pods-Chatline.debug.xcconfig"; path = "Pods/Target Support Files/Pods-Chatline/Pods-Chatline.debug.xcconfig"; sourceTree = "<group>"; };
		F29F9C73B6007E4618ECE2B8 /* Pods-Chatline.release.xcconfig */ = {isa = PBXFileReference; includeInIndex = 1; lastKnownFileType = text.xcconfig; name = "Pods-Chatline.release.xcconfig"; path = "Pods/Target Support Files/Pods-Chatline/Pods-Chatline.release.xcconfig"; sourceTree = "<group>"; };
/* End PBXFileReference section */

/* Begin PBXFrameworksBuildPhase section */
		811D20DB202786C500590BBC /* Frameworks */ = {
			isa = PBXFrameworksBuildPhase;
			buildActionMask = 2147483647;
			files = (
				FFE6F35BC99BC6DBD08E86FB /* Pods_Chatline.framework in Frameworks */,
			);
			runOnlyForDeploymentPostprocessing = 0;
		};
/* End PBXFrameworksBuildPhase section */

/* Begin PBXGroup section */
		2796BB674D6B5D746114A5D2 /* Frameworks */ = {
			isa = PBXGroup;
			children = (
				3918B73744B046E5431C2817 /* Pods_Chatline.framework */,
			);
			name = Frameworks;
			sourceTree = "<group>";
		};
		8110CFA02031A38B006779D4 /* Services */ = {
			isa = PBXGroup;
			children = (
				8110CFA12031A3A7006779D4 /* AuthService.swift */,
			);
			path = Services;
			sourceTree = "<group>";
		};
		811D20D5202786C500590BBC = {
			isa = PBXGroup;
			children = (
				811D20E0202786C500590BBC /* Chatline */,
				811D20DF202786C500590BBC /* Products */,
				D63864715A7A2AFFEA0517C5 /* Pods */,
				2796BB674D6B5D746114A5D2 /* Frameworks */,
			);
			sourceTree = "<group>";
		};
		811D20DF202786C500590BBC /* Products */ = {
			isa = PBXGroup;
			children = (
				811D20DE202786C500590BBC /* Chatline.app */,
			);
			name = Products;
			sourceTree = "<group>";
		};
		811D20E0202786C500590BBC /* Chatline */ = {
			isa = PBXGroup;
			children = (
				8110CFA02031A38B006779D4 /* Services */,
				811D2103202A4F0B00590BBC /* Xibs */,
				811D20FC2027984800590BBC /* Utilities */,
				811D20F320278A3B00590BBC /* Model */,
				811D20F220278A3300590BBC /* View */,
				811D20F120278A2700590BBC /* Controller */,
				811D20E1202786C500590BBC /* AppDelegate.swift */,
				811D20E5202786C500590BBC /* Assets.xcassets */,
				811D20E7202786C500590BBC /* Main.storyboard */,
				811D20EA202786C500590BBC /* Info.plist */,
				811D20EB202786C500590BBC /* Chatline.entitlements */,
			);
			path = Chatline;
			sourceTree = "<group>";
		};
		811D20F120278A2700590BBC /* Controller */ = {
			isa = PBXGroup;
			children = (
				811D20F420278A7400590BBC /* ToolbarVC.swift */,
				811D20F62027942C00590BBC /* ChannelVC.swift */,
				811D20F82027944C00590BBC /* ChatVC.swift */,
				811D20FA202797AE00590BBC /* MainWindowController.swift */,
			);
			path = Controller;
			sourceTree = "<group>";
		};
		811D20F220278A3300590BBC /* View */ = {
			isa = PBXGroup;
			children = (
				811D2101202A2D4500590BBC /* ClickBlockingView.swift */,
				811D2106202A4FBE00590BBC /* ModalLogin.swift */,
				81394306202B936A00CB86C8 /* ModalCreateAccount.swift */,
			);
			path = View;
			sourceTree = "<group>";
		};
		811D20F320278A3B00590BBC /* Model */ = {
			isa = PBXGroup;
			children = (
			);
			path = Model;
			sourceTree = "<group>";
		};
		811D20FC2027984800590BBC /* Utilities */ = {
			isa = PBXGroup;
			children = (
				811D20FF202A1A9300590BBC /* NSButton.swift */,
				811D20FD2027985D00590BBC /* Constants.swift */,
			);
			path = Utilities;
			sourceTree = "<group>";
		};
		811D2103202A4F0B00590BBC /* Xibs */ = {
			isa = PBXGroup;
			children = (
				811D2104202A4F6B00590BBC /* ModalLogin.xib */,
				81394304202B935700CB86C8 /* ModalCreateAccount.xib */,
			);
			path = Xibs;
			sourceTree = "<group>";
		};
		D63864715A7A2AFFEA0517C5 /* Pods */ = {
			isa = PBXGroup;
			children = (
				CBEF5DB9AE792E3CDE3A505E /* Pods-Chatline.debug.xcconfig */,
				F29F9C73B6007E4618ECE2B8 /* Pods-Chatline.release.xcconfig */,
			);
			name = Pods;
			sourceTree = "<group>";
		};
/* End PBXGroup section */

/* Begin PBXNativeTarget section */
		811D20DD202786C500590BBC /* Chatline */ = {
			isa = PBXNativeTarget;
			buildConfigurationList = 811D20EE202786C500590BBC /* Build configuration list for PBXNativeTarget "Chatline" */;
			buildPhases = (
				79757EE914E0E6BD95962C64 /* [CP] Check Pods Manifest.lock */,
				811D20DA202786C500590BBC /* Sources */,
				811D20DB202786C500590BBC /* Frameworks */,
				811D20DC202786C500590BBC /* Resources */,
				B24C00028959CCF9DF1C5412 /* [CP] Embed Pods Frameworks */,
				DBF3FD12E7392B914CCA9B24 /* [CP] Copy Pods Resources */,
			);
			buildRules = (
			);
			dependencies = (
			);
			name = Chatline;
			productName = Chatline;
			productReference = 811D20DE202786C500590BBC /* Chatline.app */;
			productType = "com.apple.product-type.application";
		};
/* End PBXNativeTarget section */

/* Begin PBXProject section */
		811D20D6202786C500590BBC /* Project object */ = {
			isa = PBXProject;
			attributes = {
				LastSwiftUpdateCheck = 0920;
				LastUpgradeCheck = 0920;
				ORGANIZATIONNAME = Restructural;
				TargetAttributes = {
					811D20DD202786C500590BBC = {
						CreatedOnToolsVersion = 9.2;
						ProvisioningStyle = Automatic;
					};
				};
			};
			buildConfigurationList = 811D20D9202786C500590BBC /* Build configuration list for PBXProject "Chatline" */;
			compatibilityVersion = "Xcode 8.0";
			developmentRegion = en;
			hasScannedForEncodings = 0;
			knownRegions = (
				en,
				Base,
			);
			mainGroup = 811D20D5202786C500590BBC;
			productRefGroup = 811D20DF202786C500590BBC /* Products */;
			projectDirPath = "";
			projectRoot = "";
			targets = (
				811D20DD202786C500590BBC /* Chatline */,
			);
		};
/* End PBXProject section */

/* Begin PBXResourcesBuildPhase section */
		811D20DC202786C500590BBC /* Resources */ = {
			isa = PBXResourcesBuildPhase;
			buildActionMask = 2147483647;
			files = (
				811D20E6202786C500590BBC /* Assets.xcassets in Resources */,
				81394305202B935700CB86C8 /* ModalCreateAccount.xib in Resources */,
				811D2105202A4F6B00590BBC /* ModalLogin.xib in Resources */,
				811D20E9202786C500590BBC /* Main.storyboard in Resources */,
			);
			runOnlyForDeploymentPostprocessing = 0;
		};
/* End PBXResourcesBuildPhase section */

/* Begin PBXShellScriptBuildPhase section */
		79757EE914E0E6BD95962C64 /* [CP] Check Pods Manifest.lock */ = {
			isa = PBXShellScriptBuildPhase;
			buildActionMask = 2147483647;
			files = (
			);
			inputPaths = (
				"${PODS_PODFILE_DIR_PATH}/Podfile.lock",
				"${PODS_ROOT}/Manifest.lock",
			);
			name = "[CP] Check Pods Manifest.lock";
			outputPaths = (
				"$(DERIVED_FILE_DIR)/Pods-Chatline-checkManifestLockResult.txt",
			);
			runOnlyForDeploymentPostprocessing = 0;
			shellPath = /bin/sh;
			shellScript = "diff \"${PODS_PODFILE_DIR_PATH}/Podfile.lock\" \"${PODS_ROOT}/Manifest.lock\" > /dev/null\nif [ $? != 0 ] ; then\n    # print error to STDERR\n    echo \"error: The sandbox is not in sync with the Podfile.lock. Run 'pod install' or update your CocoaPods installation.\" >&2\n    exit 1\nfi\n# This output is used by Xcode 'outputs' to avoid re-running this script phase.\necho \"SUCCESS\" > \"${SCRIPT_OUTPUT_FILE_0}\"\n";
			showEnvVarsInLog = 0;
		};
		B24C00028959CCF9DF1C5412 /* [CP] Embed Pods Frameworks */ = {
			isa = PBXShellScriptBuildPhase;
			buildActionMask = 2147483647;
			files = (
			);
			inputPaths = (
				"${SRCROOT}/Pods/Target Support Files/Pods-Chatline/Pods-Chatline-frameworks.sh",
				"${BUILT_PRODUCTS_DIR}/Alamofire/Alamofire.framework",
				"${BUILT_PRODUCTS_DIR}/Socket.IO-Client-Swift/SocketIO.framework",
				"${BUILT_PRODUCTS_DIR}/Starscream/Starscream.framework",
				"${BUILT_PRODUCTS_DIR}/SwiftyJSON/SwiftyJSON.framework",
			);
			name = "[CP] Embed Pods Frameworks";
			outputPaths = (
				"${TARGET_BUILD_DIR}/${FRAMEWORKS_FOLDER_PATH}/Alamofire.framework",
				"${TARGET_BUILD_DIR}/${FRAMEWORKS_FOLDER_PATH}/SocketIO.framework",
				"${TARGET_BUILD_DIR}/${FRAMEWORKS_FOLDER_PATH}/Starscream.framework",
				"${TARGET_BUILD_DIR}/${FRAMEWORKS_FOLDER_PATH}/SwiftyJSON.framework",
			);
			runOnlyForDeploymentPostprocessing = 0;
			shellPath = /bin/sh;
			shellScript = "\"${SRCROOT}/Pods/Target Support Files/Pods-Chatline/Pods-Chatline-frameworks.sh\"\n";
			showEnvVarsInLog = 0;
		};
		DBF3FD12E7392B914CCA9B24 /* [CP] Copy Pods Resources */ = {
			isa = PBXShellScriptBuildPhase;
			buildActionMask = 2147483647;
			files = (
			);
			inputPaths = (
			);
			name = "[CP] Copy Pods Resources";
			outputPaths = (
			);
			runOnlyForDeploymentPostprocessing = 0;
			shellPath = /bin/sh;
			shellScript = "\"${SRCROOT}/Pods/Target Support Files/Pods-Chatline/Pods-Chatline-resources.sh\"\n";
			showEnvVarsInLog = 0;
		};
/* End PBXShellScriptBuildPhase section */

/* Begin PBXSourcesBuildPhase section */
		811D20DA202786C500590BBC /* Sources */ = {
			isa = PBXSourcesBuildPhase;
			buildActionMask = 2147483647;
			files = (
				811D20F92027944C00590BBC /* ChatVC.swift in Sources */,
				81394307202B936A00CB86C8 /* ModalCreateAccount.swift in Sources */,
				811D2107202A4FBE00590BBC /* ModalLogin.swift in Sources */,
				811D20F520278A7400590BBC /* ToolbarVC.swift in Sources */,
				811D20F72027942C00590BBC /* ChannelVC.swift in Sources */,
				8110CFA22031A3A7006779D4 /* AuthService.swift in Sources */,
				811D20E2202786C500590BBC /* AppDelegate.swift in Sources */,
				811D2102202A2D4500590BBC /* ClickBlockingView.swift in Sources */,
				811D20FB202797AE00590BBC /* MainWindowController.swift in Sources */,
				811D20FE2027985D00590BBC /* Constants.swift in Sources */,
				811D2100202A1A9300590BBC /* NSButton.swift in Sources */,
			);
			runOnlyForDeploymentPostprocessing = 0;
		};
/* End PBXSourcesBuildPhase section */

/* Begin PBXVariantGroup section */
		811D20E7202786C500590BBC /* Main.storyboard */ = {
			isa = PBXVariantGroup;
			children = (
				811D20E8202786C500590BBC /* Base */,
			);
			name = Main.storyboard;
			sourceTree = "<group>";
		};
/* End PBXVariantGroup section */

/* Begin XCBuildConfiguration section */
		811D20EC202786C500590BBC /* Debug */ = {
			isa = XCBuildConfiguration;
			buildSettings = {
				ALWAYS_SEARCH_USER_PATHS = NO;
				CLANG_ANALYZER_NONNULL = YES;
				CLANG_ANALYZER_NUMBER_OBJECT_CONVERSION = YES_AGGRESSIVE;
				CLANG_CXX_LANGUAGE_STANDARD = "gnu++14";
				CLANG_CXX_LIBRARY = "libc++";
				CLANG_ENABLE_MODULES = YES;
				CLANG_ENABLE_OBJC_ARC = YES;
				CLANG_WARN_BLOCK_CAPTURE_AUTORELEASING = YES;
				CLANG_WARN_BOOL_CONVERSION = YES;
				CLANG_WARN_COMMA = YES;
				CLANG_WARN_CONSTANT_CONVERSION = YES;
				CLANG_WARN_DIRECT_OBJC_ISA_USAGE = YES_ERROR;
				CLANG_WARN_DOCUMENTATION_COMMENTS = YES;
				CLANG_WARN_EMPTY_BODY = YES;
				CLANG_WARN_ENUM_CONVERSION = YES;
				CLANG_WARN_INFINITE_RECURSION = YES;
				CLANG_WARN_INT_CONVERSION = YES;
				CLANG_WARN_NON_LITERAL_NULL_CONVERSION = YES;
				CLANG_WARN_OBJC_LITERAL_CONVERSION = YES;
				CLANG_WARN_OBJC_ROOT_CLASS = YES_ERROR;
				CLANG_WARN_RANGE_LOOP_ANALYSIS = YES;
				CLANG_WARN_STRICT_PROTOTYPES = YES;
				CLANG_WARN_SUSPICIOUS_MOVE = YES;
				CLANG_WARN_UNGUARDED_AVAILABILITY = YES_AGGRESSIVE;
				CLANG_WARN_UNREACHABLE_CODE = YES;
				CLANG_WARN__DUPLICATE_METHOD_MATCH = YES;
				CODE_SIGN_IDENTITY = "Mac Developer";
				COPY_PHASE_STRIP = NO;
				DEBUG_INFORMATION_FORMAT = dwarf;
				ENABLE_STRICT_OBJC_MSGSEND = YES;
				ENABLE_TESTABILITY = YES;
				GCC_C_LANGUAGE_STANDARD = gnu11;
				GCC_DYNAMIC_NO_PIC = NO;
				GCC_NO_COMMON_BLOCKS = YES;
				GCC_OPTIMIZATION_LEVEL = 0;
				GCC_PREPROCESSOR_DEFINITIONS = (
					"DEBUG=1",
					"$(inherited)",
				);
				GCC_WARN_64_TO_32_BIT_CONVERSION = YES;
				GCC_WARN_ABOUT_RETURN_TYPE = YES_ERROR;
				GCC_WARN_UNDECLARED_SELECTOR = YES;
				GCC_WARN_UNINITIALIZED_AUTOS = YES_AGGRESSIVE;
				GCC_WARN_UNUSED_FUNCTION = YES;
				GCC_WARN_UNUSED_VARIABLE = YES;
				MACOSX_DEPLOYMENT_TARGET = 10.13;
				MTL_ENABLE_DEBUG_INFO = YES;
				ONLY_ACTIVE_ARCH = YES;
				SDKROOT = macosx;
				SWIFT_ACTIVE_COMPILATION_CONDITIONS = DEBUG;
				SWIFT_OPTIMIZATION_LEVEL = "-Onone";
			};
			name = Debug;
		};
		811D20ED202786C500590BBC /* Release */ = {
			isa = XCBuildConfiguration;
			buildSettings = {
				ALWAYS_SEARCH_USER_PATHS = NO;
				CLANG_ANALYZER_NONNULL = YES;
				CLANG_ANALYZER_NUMBER_OBJECT_CONVERSION = YES_AGGRESSIVE;
				CLANG_CXX_LANGUAGE_STANDARD = "gnu++14";
				CLANG_CXX_LIBRARY = "libc++";
				CLANG_ENABLE_MODULES = YES;
				CLANG_ENABLE_OBJC_ARC = YES;
				CLANG_WARN_BLOCK_CAPTURE_AUTORELEASING = YES;
				CLANG_WARN_BOOL_CONVERSION = YES;
				CLANG_WARN_COMMA = YES;
				CLANG_WARN_CONSTANT_CONVERSION = YES;
				CLANG_WARN_DIRECT_OBJC_ISA_USAGE = YES_ERROR;
				CLANG_WARN_DOCUMENTATION_COMMENTS = YES;
				CLANG_WARN_EMPTY_BODY = YES;
				CLANG_WARN_ENUM_CONVERSION = YES;
				CLANG_WARN_INFINITE_RECURSION = YES;
				CLANG_WARN_INT_CONVERSION = YES;
				CLANG_WARN_NON_LITERAL_NULL_CONVERSION = YES;
				CLANG_WARN_OBJC_LITERAL_CONVERSION = YES;
				CLANG_WARN_OBJC_ROOT_CLASS = YES_ERROR;
				CLANG_WARN_RANGE_LOOP_ANALYSIS = YES;
				CLANG_WARN_STRICT_PROTOTYPES = YES;
				CLANG_WARN_SUSPICIOUS_MOVE = YES;
				CLANG_WARN_UNGUARDED_AVAILABILITY = YES_AGGRESSIVE;
				CLANG_WARN_UNREACHABLE_CODE = YES;
				CLANG_WARN__DUPLICATE_METHOD_MATCH = YES;
				CODE_SIGN_IDENTITY = "Mac Developer";
				COPY_PHASE_STRIP = NO;
				DEBUG_INFORMATION_FORMAT = "dwarf-with-dsym";
				ENABLE_NS_ASSERTIONS = NO;
				ENABLE_STRICT_OBJC_MSGSEND = YES;
				GCC_C_LANGUAGE_STANDARD = gnu11;
				GCC_NO_COMMON_BLOCKS = YES;
				GCC_WARN_64_TO_32_BIT_CONVERSION = YES;
				GCC_WARN_ABOUT_RETURN_TYPE = YES_ERROR;
				GCC_WARN_UNDECLARED_SELECTOR = YES;
				GCC_WARN_UNINITIALIZED_AUTOS = YES_AGGRESSIVE;
				GCC_WARN_UNUSED_FUNCTION = YES;
				GCC_WARN_UNUSED_VARIABLE = YES;
				MACOSX_DEPLOYMENT_TARGET = 10.13;
				MTL_ENABLE_DEBUG_INFO = NO;
				SDKROOT = macosx;
				SWIFT_OPTIMIZATION_LEVEL = "-Owholemodule";
			};
			name = Release;
		};
		811D20EF202786C500590BBC /* Debug */ = {
			isa = XCBuildConfiguration;
			baseConfigurationReference = CBEF5DB9AE792E3CDE3A505E /* Pods-Chatline.debug.xcconfig */;
			buildSettings = {
				ASSETCATALOG_COMPILER_APPICON_NAME = AppIcon;
				CODE_SIGN_ENTITLEMENTS = Chatline/Chatline.entitlements;
				CODE_SIGN_STYLE = Automatic;
				COMBINE_HIDPI_IMAGES = YES;
				DEVELOPMENT_TEAM = EWNAZS58Y2;
				INFOPLIST_FILE = Chatline/Info.plist;
				LD_RUNPATH_SEARCH_PATHS = "$(inherited) @executable_path/../Frameworks";
				PRODUCT_BUNDLE_IDENTIFIER = com.Restructural.Chatline;
				PRODUCT_NAME = "$(TARGET_NAME)";
				SWIFT_VERSION = 4.0;
			};
			name = Debug;
		};
		811D20F0202786C500590BBC /* Release */ = {
			isa = XCBuildConfiguration;
			baseConfigurationReference = F29F9C73B6007E4618ECE2B8 /* Pods-Chatline.release.xcconfig */;
			buildSettings = {
				ASSETCATALOG_COMPILER_APPICON_NAME = AppIcon;
				CODE_SIGN_ENTITLEMENTS = Chatline/Chatline.entitlements;
				CODE_SIGN_STYLE = Automatic;
				COMBINE_HIDPI_IMAGES = YES;
				DEVELOPMENT_TEAM = EWNAZS58Y2;
				INFOPLIST_FILE = Chatline/Info.plist;
				LD_RUNPATH_SEARCH_PATHS = "$(inherited) @executable_path/../Frameworks";
				PRODUCT_BUNDLE_IDENTIFIER = com.Restructural.Chatline;
				PRODUCT_NAME = "$(TARGET_NAME)";
				SWIFT_VERSION = 4.0;
			};
			name = Release;
		};
/* End XCBuildConfiguration section */

/* Begin XCConfigurationList section */
		811D20D9202786C500590BBC /* Build configuration list for PBXProject "Chatline" */ = {
			isa = XCConfigurationList;
			buildConfigurations = (
				811D20EC202786C500590BBC /* Debug */,
				811D20ED202786C500590BBC /* Release */,
			);
			defaultConfigurationIsVisible = 0;
			defaultConfigurationName = Release;
		};
		811D20EE202786C500590BBC /* Build configuration list for PBXNativeTarget "Chatline" */ = {
			isa = XCConfigurationList;
			buildConfigurations = (
				811D20EF202786C500590BBC /* Debug */,
				811D20F0202786C500590BBC /* Release */,
			);
			defaultConfigurationIsVisible = 0;
			defaultConfigurationName = Release;
		};
/* End XCConfigurationList section */
	};
	rootObject = 811D20D6202786C500590BBC /* Project object */;
}
